
Microsoft Visual Studio Solution File, Format Version 12.00
# Visual Studio 14
VisualStudioVersion = 14.0.25420.1
MinimumVisualStudioVersion = 10.0.40219.1
Project("{2150E333-8FDC-42A3-9474-1A3956D46DE8}") = "A.Library", "A.Library", "{A1CA07DE-59DA-49E8-9B7F-09C4BD121DA2}"
EndProject
Project("{2150E333-8FDC-42A3-9474-1A3956D46DE8}") = "B.API", "B.API", "{CF7FD161-6116-40F0-A4B9-8C418EA39579}"
EndProject
Project("{2150E333-8FDC-42A3-9474-1A3956D46DE8}") = "C.View", "C.View", "{23F322D4-8357-496F-AE78-508EC184FFBC}"
EndProject
Project("{FAE04EC0-301F-11D3-BF4B-00C04F79EFBC}") = "Core", "Core\Core.csproj", "{EB6063DC-50BF-4445-ACF8-9792F3AED51A}"
EndProject
Project("{FAE04EC0-301F-11D3-BF4B-00C04F79EFBC}") = "WebClient", "WebClient\WebClient.csproj", "{B8894583-2054-4406-9CA8-7EED57B64633}"
EndProject
Project("{FAE04EC0-301F-11D3-BF4B-00C04F79EFBC}") = "WebAPI", "WebAPI\WebAPI.csproj", "{85BF5D23-0EBA-4C2E-BFE3-88315F1D4C18}"
EndProject
Project("{FAE04EC0-301F-11D3-BF4B-00C04F79EFBC}") = "WebApplication", "WebApplication\WebApplication.csproj", "{606CE318-B299-42BF-BBED-3F88F75D78AA}"
EndProject
Project("{2150E333-8FDC-42A3-9474-1A3956D46DE8}") = "D.Test", "D.Test", "{15DF6D27-349F-4625-87EC-E7FA0C93E0FB}"
EndProject
Project("{FAE04EC0-301F-11D3-BF4B-00C04F79EFBC}") = "UnitTest.Tests", "UnitTest.Tests\UnitTest.Tests.csproj", "{3F0C9B33-77DC-46BF-8811-71CD45AA281B}"
EndProject
Global
	GlobalSection(SolutionConfigurationPlatforms) = preSolution
		Debug|Any CPU = Debug|Any CPU
		Release|Any CPU = Release|Any CPU
	EndGlobalSection
	GlobalSection(ProjectConfigurationPlatforms) = postSolution
		{EB6063DC-50BF-4445-ACF8-9792F3AED51A}.Debug|Any CPU.ActiveCfg = Debug|Any CPU
		{EB6063DC-50BF-4445-ACF8-9792F3AED51A}.Debug|Any CPU.Build.0 = Debug|Any CPU
		{EB6063DC-50BF-4445-ACF8-9792F3AED51A}.Release|Any CPU.ActiveCfg = Release|Any CPU
		{EB6063DC-50BF-4445-ACF8-9792F3AED51A}.Release|Any CPU.Build.0 = Release|Any CPU
		{B8894583-2054-4406-9CA8-7EED57B64633}.Debug|Any CPU.ActiveCfg = Debug|Any CPU
		{B8894583-2054-4406-9CA8-7EED57B64633}.Debug|Any CPU.Build.0 = Debug|Any CPU
		{B8894583-2054-4406-9CA8-7EED57B64633}.Release|Any CPU.ActiveCfg = Release|Any CPU
		{B8894583-2054-4406-9CA8-7EED57B64633}.Release|Any CPU.Build.0 = Release|Any CPU
		{85BF5D23-0EBA-4C2E-BFE3-88315F1D4C18}.Debug|Any CPU.ActiveCfg = Debug|Any CPU
		{85BF5D23-0EBA-4C2E-BFE3-88315F1D4C18}.Debug|Any CPU.Build.0 = Debug|Any CPU
		{85BF5D23-0EBA-4C2E-BFE3-88315F1D4C18}.Release|Any CPU.ActiveCfg = Release|Any CPU
		{85BF5D23-0EBA-4C2E-BFE3-88315F1D4C18}.Release|Any CPU.Build.0 = Release|Any CPU
		{606CE318-B299-42BF-BBED-3F88F75D78AA}.Debug|Any CPU.ActiveCfg = Debug|Any CPU
		{606CE318-B299-42BF-BBED-3F88F75D78AA}.Debug|Any CPU.Build.0 = Debug|Any CPU
		{606CE318-B299-42BF-BBED-3F88F75D78AA}.Release|Any CPU.ActiveCfg = Release|Any CPU
		{606CE318-B299-42BF-BBED-3F88F75D78AA}.Release|Any CPU.Build.0 = Release|Any CPU
		{3F0C9B33-77DC-46BF-8811-71CD45AA281B}.Debug|Any CPU.ActiveCfg = Debug|Any CPU
		{3F0C9B33-77DC-46BF-8811-71CD45AA281B}.Debug|Any CPU.Build.0 = Debug|Any CPU
		{3F0C9B33-77DC-46BF-8811-71CD45AA281B}.Release|Any CPU.ActiveCfg = Release|Any CPU
		{3F0C9B33-77DC-46BF-8811-71CD45AA281B}.Release|Any CPU.Build.0 = Release|Any CPU
	EndGlobalSection
	GlobalSection(SolutionProperties) = preSolution
		HideSolutionNode = FALSE
	EndGlobalSection
	GlobalSection(NestedProjects) = preSolution
		{EB6063DC-50BF-4445-ACF8-9792F3AED51A} = {A1CA07DE-59DA-49E8-9B7F-09C4BD121DA2}
		{B8894583-2054-4406-9CA8-7EED57B64633} = {A1CA07DE-59DA-49E8-9B7F-09C4BD121DA2}
		{85BF5D23-0EBA-4C2E-BFE3-88315F1D4C18} = {CF7FD161-6116-40F0-A4B9-8C418EA39579}
		{606CE318-B299-42BF-BBED-3F88F75D78AA} = {23F322D4-8357-496F-AE78-508EC184FFBC}
		{3F0C9B33-77DC-46BF-8811-71CD45AA281B} = {15DF6D27-349F-4625-87EC-E7FA0C93E0FB}
	EndGlobalSection
EndGlobal
